// !$*UTF8*$!
{
	archiveVersion = 1;
	classes = {
	};
	objectVersion = 50;
	objects = {

/* Begin PBXBuildFile section */
		04229EE2225E3FF7007AFBEA /* AppDelegate.swift in Sources */ = {isa = PBXBuildFile; fileRef = 04229EE1225E3FF7007AFBEA /* AppDelegate.swift */; };
		04229EE4225E3FF7007AFBEA /* SearchViewController.swift in Sources */ = {isa = PBXBuildFile; fileRef = 04229EE3225E3FF7007AFBEA /* SearchViewController.swift */; };
		04229EE7225E3FF7007AFBEA /* Search.storyboard in Resources */ = {isa = PBXBuildFile; fileRef = 04229EE5225E3FF7007AFBEA /* Search.storyboard */; };
		04229EE9225E3FF8007AFBEA /* Assets.xcassets in Resources */ = {isa = PBXBuildFile; fileRef = 04229EE8225E3FF8007AFBEA /* Assets.xcassets */; };
		04229EEC225E3FF8007AFBEA /* LaunchScreen.storyboard in Resources */ = {isa = PBXBuildFile; fileRef = 04229EEA225E3FF8007AFBEA /* LaunchScreen.storyboard */; };
		04229EF5225E444E007AFBEA /* Networking.swift in Sources */ = {isa = PBXBuildFile; fileRef = 04229EF4225E444E007AFBEA /* Networking.swift */; };
		04229EF7225E4463007AFBEA /* ApiRouter.swift in Sources */ = {isa = PBXBuildFile; fileRef = 04229EF6225E4463007AFBEA /* ApiRouter.swift */; };
		04229EFD225E45A4007AFBEA /* Question.swift in Sources */ = {isa = PBXBuildFile; fileRef = 04229EFC225E45A4007AFBEA /* Question.swift */; };
		04229EFF225E462B007AFBEA /* NetworkingError.swift in Sources */ = {isa = PBXBuildFile; fileRef = 04229EFE225E462B007AFBEA /* NetworkingError.swift */; };
		04229F02225E4972007AFBEA /* Constants.swift in Sources */ = {isa = PBXBuildFile; fileRef = 04229F01225E4972007AFBEA /* Constants.swift */; };
		04229F07225E4FF4007AFBEA /* JSONDecoder+decodeResponse.swift in Sources */ = {isa = PBXBuildFile; fileRef = 04229F06225E4FF4007AFBEA /* JSONDecoder+decodeResponse.swift */; };
		04229F09225E535E007AFBEA /* Owner.swift in Sources */ = {isa = PBXBuildFile; fileRef = 04229F08225E535E007AFBEA /* Owner.swift */; };
		04229F0C225E56BF007AFBEA /* SerachViewModel.swift in Sources */ = {isa = PBXBuildFile; fileRef = 04229F0B225E56BF007AFBEA /* SerachViewModel.swift */; };
		04229F0E225E57C0007AFBEA /* AppCoordinator.swift in Sources */ = {isa = PBXBuildFile; fileRef = 04229F0D225E57C0007AFBEA /* AppCoordinator.swift */; };
		04229F10225E582C007AFBEA /* Coordinator.swift in Sources */ = {isa = PBXBuildFile; fileRef = 04229F0F225E582C007AFBEA /* Coordinator.swift */; };
		4E2A3847A96D5F053DF5AEC5 /* Pods_trueoverflow.framework in Frameworks */ = {isa = PBXBuildFile; fileRef = 46867493245923587BD49CA5 /* Pods_trueoverflow.framework */; };
/* End PBXBuildFile section */

/* Begin PBXFileReference section */
		04229EDE225E3FF7007AFBEA /* trueoverflow.app */ = {isa = PBXFileReference; explicitFileType = wrapper.application; includeInIndex = 0; path = trueoverflow.app; sourceTree = BUILT_PRODUCTS_DIR; };
		04229EE1225E3FF7007AFBEA /* AppDelegate.swift */ = {isa = PBXFileReference; lastKnownFileType = sourcecode.swift; path = AppDelegate.swift; sourceTree = "<group>"; };
		04229EE3225E3FF7007AFBEA /* SearchViewController.swift */ = {isa = PBXFileReference; lastKnownFileType = sourcecode.swift; path = SearchViewController.swift; sourceTree = "<group>"; };
		04229EE6225E3FF7007AFBEA /* Base */ = {isa = PBXFileReference; lastKnownFileType = file.storyboard; name = Base; path = Base.lproj/Search.storyboard; sourceTree = "<group>"; };
		04229EE8225E3FF8007AFBEA /* Assets.xcassets */ = {isa = PBXFileReference; lastKnownFileType = folder.assetcatalog; path = Assets.xcassets; sourceTree = "<group>"; };
		04229EEB225E3FF8007AFBEA /* Base */ = {isa = PBXFileReference; lastKnownFileType = file.storyboard; name = Base; path = Base.lproj/LaunchScreen.storyboard; sourceTree = "<group>"; };
		04229EED225E3FF8007AFBEA /* Info.plist */ = {isa = PBXFileReference; lastKnownFileType = text.plist.xml; path = Info.plist; sourceTree = "<group>"; };
		04229EF4225E444E007AFBEA /* Networking.swift */ = {isa = PBXFileReference; lastKnownFileType = sourcecode.swift; path = Networking.swift; sourceTree = "<group>"; };
		04229EF6225E4463007AFBEA /* ApiRouter.swift */ = {isa = PBXFileReference; lastKnownFileType = sourcecode.swift; path = ApiRouter.swift; sourceTree = "<group>"; };
		04229EFC225E45A4007AFBEA /* Question.swift */ = {isa = PBXFileReference; lastKnownFileType = sourcecode.swift; path = Question.swift; sourceTree = "<group>"; };
		04229EFE225E462B007AFBEA /* NetworkingError.swift */ = {isa = PBXFileReference; lastKnownFileType = sourcecode.swift; path = NetworkingError.swift; sourceTree = "<group>"; };
		04229F01225E4972007AFBEA /* Constants.swift */ = {isa = PBXFileReference; lastKnownFileType = sourcecode.swift; path = Constants.swift; sourceTree = "<group>"; };
		04229F06225E4FF4007AFBEA /* JSONDecoder+decodeResponse.swift */ = {isa = PBXFileReference; lastKnownFileType = sourcecode.swift; path = "JSONDecoder+decodeResponse.swift"; sourceTree = "<group>"; };
		04229F08225E535E007AFBEA /* Owner.swift */ = {isa = PBXFileReference; lastKnownFileType = sourcecode.swift; path = Owner.swift; sourceTree = "<group>"; };
		04229F0B225E56BF007AFBEA /* SerachViewModel.swift */ = {isa = PBXFileReference; lastKnownFileType = sourcecode.swift; path = SerachViewModel.swift; sourceTree = "<group>"; };
		04229F0D225E57C0007AFBEA /* AppCoordinator.swift */ = {isa = PBXFileReference; lastKnownFileType = sourcecode.swift; path = AppCoordinator.swift; sourceTree = "<group>"; };
		04229F0F225E582C007AFBEA /* Coordinator.swift */ = {isa = PBXFileReference; lastKnownFileType = sourcecode.swift; path = Coordinator.swift; sourceTree = "<group>"; };
		1B6CFC0A3F63FCFAE0AB7876 /* Pods-trueoverflow.debug.xcconfig */ = {isa = PBXFileReference; includeInIndex = 1; lastKnownFileType = text.xcconfig; name = "Pods-trueoverflow.debug.xcconfig"; path = "Target Support Files/Pods-trueoverflow/Pods-trueoverflow.debug.xcconfig"; sourceTree = "<group>"; };
		46867493245923587BD49CA5 /* Pods_trueoverflow.framework */ = {isa = PBXFileReference; explicitFileType = wrapper.framework; includeInIndex = 0; path = Pods_trueoverflow.framework; sourceTree = BUILT_PRODUCTS_DIR; };
		719717151EBA7AFA07EFAEDD /* Pods-trueoverflow.release.xcconfig */ = {isa = PBXFileReference; includeInIndex = 1; lastKnownFileType = text.xcconfig; name = "Pods-trueoverflow.release.xcconfig"; path = "Target Support Files/Pods-trueoverflow/Pods-trueoverflow.release.xcconfig"; sourceTree = "<group>"; };
/* End PBXFileReference section */

/* Begin PBXFrameworksBuildPhase section */
		04229EDB225E3FF7007AFBEA /* Frameworks */ = {
			isa = PBXFrameworksBuildPhase;
			buildActionMask = 2147483647;
			files = (
				4E2A3847A96D5F053DF5AEC5 /* Pods_trueoverflow.framework in Frameworks */,
			);
			runOnlyForDeploymentPostprocessing = 0;
		};
/* End PBXFrameworksBuildPhase section */

/* Begin PBXGroup section */
		04229ED5225E3FF7007AFBEA = {
			isa = PBXGroup;
			children = (
				04229EE0225E3FF7007AFBEA /* trueoverflow */,
				04229EDF225E3FF7007AFBEA /* Products */,
				079196496D018BE60403F5D8 /* Pods */,
				14A561416F52EECB4BA85879 /* Frameworks */,
			);
			sourceTree = "<group>";
		};
		04229EDF225E3FF7007AFBEA /* Products */ = {
			isa = PBXGroup;
			children = (
				04229EDE225E3FF7007AFBEA /* trueoverflow.app */,
			);
			name = Products;
			sourceTree = "<group>";
		};
		04229EE0225E3FF7007AFBEA /* trueoverflow */ = {
			isa = PBXGroup;
			children = (
				04229F05225E4FDA007AFBEA /* Extensions */,
				04229F00225E496C007AFBEA /* Common */,
				04229EF3225E443D007AFBEA /* Networking */,
				04229EF8225E457B007AFBEA /* Modules */,
				04229EE1225E3FF7007AFBEA /* AppDelegate.swift */,
				04229F0D225E57C0007AFBEA /* AppCoordinator.swift */,
				04229EE5225E3FF7007AFBEA /* Search.storyboard */,
				04229EE8225E3FF8007AFBEA /* Assets.xcassets */,
				04229EEA225E3FF8007AFBEA /* LaunchScreen.storyboard */,
				04229EED225E3FF8007AFBEA /* Info.plist */,
			);
			path = trueoverflow;
			sourceTree = "<group>";
		};
		04229EF3225E443D007AFBEA /* Networking */ = {
			isa = PBXGroup;
			children = (
				04229EF4225E444E007AFBEA /* Networking.swift */,
				04229EF6225E4463007AFBEA /* ApiRouter.swift */,
				04229EFE225E462B007AFBEA /* NetworkingError.swift */,
			);
			path = Networking;
			sourceTree = "<group>";
		};
		04229EF8225E457B007AFBEA /* Modules */ = {
			isa = PBXGroup;
			children = (
				04229EF9225E457F007AFBEA /* Search */,
			);
			path = Modules;
			sourceTree = "<group>";
		};
		04229EF9225E457F007AFBEA /* Search */ = {
			isa = PBXGroup;
			children = (
				04229F0A225E56AD007AFBEA /* ViewModel */,
				04229EFB225E459B007AFBEA /* Model */,
				04229EFA225E4596007AFBEA /* View */,
			);
			path = Search;
			sourceTree = "<group>";
		};
		04229EFA225E4596007AFBEA /* View */ = {
			isa = PBXGroup;
			children = (
				04229EE3225E3FF7007AFBEA /* SearchViewController.swift */,
			);
			path = View;
			sourceTree = "<group>";
		};
		04229EFB225E459B007AFBEA /* Model */ = {
			isa = PBXGroup;
			children = (
				04229EFC225E45A4007AFBEA /* Question.swift */,
				04229F08225E535E007AFBEA /* Owner.swift */,
			);
			path = Model;
			sourceTree = "<group>";
		};
		04229F00225E496C007AFBEA /* Common */ = {
			isa = PBXGroup;
			children = (
				04229F01225E4972007AFBEA /* Constants.swift */,
				04229F0F225E582C007AFBEA /* Coordinator.swift */,
			);
			path = Common;
			sourceTree = "<group>";
		};
		04229F05225E4FDA007AFBEA /* Extensions */ = {
			isa = PBXGroup;
			children = (
				04229F06225E4FF4007AFBEA /* JSONDecoder+decodeResponse.swift */,
			);
			path = Extensions;
			sourceTree = "<group>";
		};
		04229F0A225E56AD007AFBEA /* ViewModel */ = {
			isa = PBXGroup;
			children = (
				04229F0B225E56BF007AFBEA /* SerachViewModel.swift */,
			);
			path = ViewModel;
			sourceTree = "<group>";
		};
		079196496D018BE60403F5D8 /* Pods */ = {
			isa = PBXGroup;
			children = (
				1B6CFC0A3F63FCFAE0AB7876 /* Pods-trueoverflow.debug.xcconfig */,
				719717151EBA7AFA07EFAEDD /* Pods-trueoverflow.release.xcconfig */,
			);
			path = Pods;
			sourceTree = "<group>";
		};
		14A561416F52EECB4BA85879 /* Frameworks */ = {
			isa = PBXGroup;
			children = (
				46867493245923587BD49CA5 /* Pods_trueoverflow.framework */,
			);
			name = Frameworks;
			sourceTree = "<group>";
		};
/* End PBXGroup section */

/* Begin PBXNativeTarget section */
		04229EDD225E3FF7007AFBEA /* trueoverflow */ = {
			isa = PBXNativeTarget;
			buildConfigurationList = 04229EF0225E3FF8007AFBEA /* Build configuration list for PBXNativeTarget "trueoverflow" */;
			buildPhases = (
				2763BEB7C89082ECF865B373 /* [CP] Check Pods Manifest.lock */,
				04229EDA225E3FF7007AFBEA /* Sources */,
				04229EDB225E3FF7007AFBEA /* Frameworks */,
				04229EDC225E3FF7007AFBEA /* Resources */,
				65ECB777B9D71C804246D865 /* [CP] Embed Pods Frameworks */,
			);
			buildRules = (
			);
			dependencies = (
			);
			name = trueoverflow;
			productName = trueoverflow;
			productReference = 04229EDE225E3FF7007AFBEA /* trueoverflow.app */;
			productType = "com.apple.product-type.application";
		};
/* End PBXNativeTarget section */

/* Begin PBXProject section */
		04229ED6225E3FF7007AFBEA /* Project object */ = {
			isa = PBXProject;
			attributes = {
				LastSwiftUpdateCheck = 1020;
				LastUpgradeCheck = 1020;
				ORGANIZATIONNAME = truemotion;
				TargetAttributes = {
					04229EDD225E3FF7007AFBEA = {
						CreatedOnToolsVersion = 10.2;
					};
				};
			};
			buildConfigurationList = 04229ED9225E3FF7007AFBEA /* Build configuration list for PBXProject "trueoverflow" */;
			compatibilityVersion = "Xcode 9.3";
			developmentRegion = en;
			hasScannedForEncodings = 0;
			knownRegions = (
				en,
				Base,
			);
			mainGroup = 04229ED5225E3FF7007AFBEA;
			productRefGroup = 04229EDF225E3FF7007AFBEA /* Products */;
			projectDirPath = "";
			projectRoot = "";
			targets = (
				04229EDD225E3FF7007AFBEA /* trueoverflow */,
			);
		};
/* End PBXProject section */

/* Begin PBXResourcesBuildPhase section */
		04229EDC225E3FF7007AFBEA /* Resources */ = {
			isa = PBXResourcesBuildPhase;
			buildActionMask = 2147483647;
			files = (
				04229EEC225E3FF8007AFBEA /* LaunchScreen.storyboard in Resources */,
				04229EE9225E3FF8007AFBEA /* Assets.xcassets in Resources */,
				04229EE7225E3FF7007AFBEA /* Search.storyboard in Resources */,
			);
			runOnlyForDeploymentPostprocessing = 0;
		};
/* End PBXResourcesBuildPhase section */

/* Begin PBXShellScriptBuildPhase section */
		2763BEB7C89082ECF865B373 /* [CP] Check Pods Manifest.lock */ = {
			isa = PBXShellScriptBuildPhase;
			buildActionMask = 2147483647;
			files = (
			);
			inputFileListPaths = (
			);
			inputPaths = (
				"${PODS_PODFILE_DIR_PATH}/Podfile.lock",
				"${PODS_ROOT}/Manifest.lock",
			);
			name = "[CP] Check Pods Manifest.lock";
			outputFileListPaths = (
			);
			outputPaths = (
				"$(DERIVED_FILE_DIR)/Pods-trueoverflow-checkManifestLockResult.txt",
			);
			runOnlyForDeploymentPostprocessing = 0;
			shellPath = /bin/sh;
			shellScript = "diff \"${PODS_PODFILE_DIR_PATH}/Podfile.lock\" \"${PODS_ROOT}/Manifest.lock\" > /dev/null\nif [ $? != 0 ] ; then\n    # print error to STDERR\n    echo \"error: The sandbox is not in sync with the Podfile.lock. Run 'pod install' or update your CocoaPods installation.\" >&2\n    exit 1\nfi\n# This output is used by Xcode 'outputs' to avoid re-running this script phase.\necho \"SUCCESS\" > \"${SCRIPT_OUTPUT_FILE_0}\"\n";
			showEnvVarsInLog = 0;
		};
		65ECB777B9D71C804246D865 /* [CP] Embed Pods Frameworks */ = {
			isa = PBXShellScriptBuildPhase;
			buildActionMask = 2147483647;
			files = (
			);
			inputFileListPaths = (
			);
			inputPaths = (
				"${PODS_ROOT}/Target Support Files/Pods-trueoverflow/Pods-trueoverflow-frameworks.sh",
				"${BUILT_PRODUCTS_DIR}/Alamofire/Alamofire.framework",
				"${BUILT_PRODUCTS_DIR}/Bond/Bond.framework",
				"${BUILT_PRODUCTS_DIR}/Differ/Differ.framework",
				"${BUILT_PRODUCTS_DIR}/ReactiveKit/ReactiveKit.framework",
			);
			name = "[CP] Embed Pods Frameworks";
			outputFileListPaths = (
			);
			outputPaths = (
				"${TARGET_BUILD_DIR}/${FRAMEWORKS_FOLDER_PATH}/Alamofire.framework",
				"${TARGET_BUILD_DIR}/${FRAMEWORKS_FOLDER_PATH}/Bond.framework",
				"${TARGET_BUILD_DIR}/${FRAMEWORKS_FOLDER_PATH}/Differ.framework",
				"${TARGET_BUILD_DIR}/${FRAMEWORKS_FOLDER_PATH}/ReactiveKit.framework",
			);
			runOnlyForDeploymentPostprocessing = 0;
			shellPath = /bin/sh;
			shellScript = "\"${PODS_ROOT}/Target Support Files/Pods-trueoverflow/Pods-trueoverflow-frameworks.sh\"\n";
			showEnvVarsInLog = 0;
		};
/* End PBXShellScriptBuildPhase section */

/* Begin PBXSourcesBuildPhase section */
		04229EDA225E3FF7007AFBEA /* Sources */ = {
			isa = PBXSourcesBuildPhase;
			buildActionMask = 2147483647;
			files = (
				04229F0E225E57C0007AFBEA /* AppCoordinator.swift in Sources */,
				04229EFD225E45A4007AFBEA /* Question.swift in Sources */,
				04229EF5225E444E007AFBEA /* Networking.swift in Sources */,
				04229F07225E4FF4007AFBEA /* JSONDecoder+decodeResponse.swift in Sources */,
				04229EF7225E4463007AFBEA /* ApiRouter.swift in Sources */,
				04229F0C225E56BF007AFBEA /* SerachViewModel.swift in Sources */,
				04229F09225E535E007AFBEA /* Owner.swift in Sources */,
				04229EE4225E3FF7007AFBEA /* SearchViewController.swift in Sources */,
				04229F10225E582C007AFBEA /* Coordinator.swift in Sources */,
				04229F02225E4972007AFBEA /* Constants.swift in Sources */,
				04229EFF225E462B007AFBEA /* NetworkingError.swift in Sources */,
				04229EE2225E3FF7007AFBEA /* AppDelegate.swift in Sources */,
			);
			runOnlyForDeploymentPostprocessing = 0;
		};
/* End PBXSourcesBuildPhase section */

/* Begin PBXVariantGroup section */
		04229EE5225E3FF7007AFBEA /* Search.storyboard */ = {
			isa = PBXVariantGroup;
			children = (
				04229EE6225E3FF7007AFBEA /* Base */,
			);
			name = Search.storyboard;
			sourceTree = "<group>";
		};
		04229EEA225E3FF8007AFBEA /* LaunchScreen.storyboard */ = {
			isa = PBXVariantGroup;
			children = (
				04229EEB225E3FF8007AFBEA /* Base */,
			);
			name = LaunchScreen.storyboard;
			sourceTree = "<group>";
		};
/* End PBXVariantGroup section */

/* Begin XCBuildConfiguration section */
		04229EEE225E3FF8007AFBEA /* Debug */ = {
			isa = XCBuildConfiguration;
			buildSettings = {
				ALWAYS_SEARCH_USER_PATHS = NO;
				CLANG_ANALYZER_NONNULL = YES;
				CLANG_ANALYZER_NUMBER_OBJECT_CONVERSION = YES_AGGRESSIVE;
				CLANG_CXX_LANGUAGE_STANDARD = "gnu++14";
				CLANG_CXX_LIBRARY = "libc++";
				CLANG_ENABLE_MODULES = YES;
				CLANG_ENABLE_OBJC_ARC = YES;
				CLANG_ENABLE_OBJC_WEAK = YES;
				CLANG_WARN_BLOCK_CAPTURE_AUTORELEASING = YES;
				CLANG_WARN_BOOL_CONVERSION = YES;
				CLANG_WARN_COMMA = YES;
				CLANG_WARN_CONSTANT_CONVERSION = YES;
				CLANG_WARN_DEPRECATED_OBJC_IMPLEMENTATIONS = YES;
				CLANG_WARN_DIRECT_OBJC_ISA_USAGE = YES_ERROR;
				CLANG_WARN_DOCUMENTATION_COMMENTS = YES;
				CLANG_WARN_EMPTY_BODY = YES;
				CLANG_WARN_ENUM_CONVERSION = YES;
				CLANG_WARN_INFINITE_RECURSION = YES;
				CLANG_WARN_INT_CONVERSION = YES;
				CLANG_WARN_NON_LITERAL_NULL_CONVERSION = YES;
				CLANG_WARN_OBJC_IMPLICIT_RETAIN_SELF = YES;
				CLANG_WARN_OBJC_LITERAL_CONVERSION = YES;
				CLANG_WARN_OBJC_ROOT_CLASS = YES_ERROR;
				CLANG_WARN_RANGE_LOOP_ANALYSIS = YES;
				CLANG_WARN_STRICT_PROTOTYPES = YES;
				CLANG_WARN_SUSPICIOUS_MOVE = YES;
				CLANG_WARN_UNGUARDED_AVAILABILITY = YES_AGGRESSIVE;
				CLANG_WARN_UNREACHABLE_CODE = YES;
				CLANG_WARN__DUPLICATE_METHOD_MATCH = YES;
				CODE_SIGN_IDENTITY = "iPhone Developer";
				COPY_PHASE_STRIP = NO;
				DEBUG_INFORMATION_FORMAT = dwarf;
				ENABLE_STRICT_OBJC_MSGSEND = YES;
				ENABLE_TESTABILITY = YES;
				GCC_C_LANGUAGE_STANDARD = gnu11;
				GCC_DYNAMIC_NO_PIC = NO;
				GCC_NO_COMMON_BLOCKS = YES;
				GCC_OPTIMIZATION_LEVEL = 0;
				GCC_PREPROCESSOR_DEFINITIONS = (
					"DEBUG=1",
					"$(inherited)",
				);
				GCC_WARN_64_TO_32_BIT_CONVERSION = YES;
				GCC_WARN_ABOUT_RETURN_TYPE = YES_ERROR;
				GCC_WARN_UNDECLARED_SELECTOR = YES;
				GCC_WARN_UNINITIALIZED_AUTOS = YES_AGGRESSIVE;
				GCC_WARN_UNUSED_FUNCTION = YES;
				GCC_WARN_UNUSED_VARIABLE = YES;
				IPHONEOS_DEPLOYMENT_TARGET = 12.2;
				MTL_ENABLE_DEBUG_INFO = INCLUDE_SOURCE;
				MTL_FAST_MATH = YES;
				ONLY_ACTIVE_ARCH = YES;
				SDKROOT = iphoneos;
				SWIFT_ACTIVE_COMPILATION_CONDITIONS = DEBUG;
				SWIFT_OPTIMIZATION_LEVEL = "-Onone";
			};
			name = Debug;
		};
		04229EEF225E3FF8007AFBEA /* Release */ = {
			isa = XCBuildConfiguration;
			buildSettings = {
				ALWAYS_SEARCH_USER_PATHS = NO;
				CLANG_ANALYZER_NONNULL = YES;
				CLANG_ANALYZER_NUMBER_OBJECT_CONVERSION = YES_AGGRESSIVE;
				CLANG_CXX_LANGUAGE_STANDARD = "gnu++14";
				CLANG_CXX_LIBRARY = "libc++";
				CLANG_ENABLE_MODULES = YES;
				CLANG_ENABLE_OBJC_ARC = YES;
				CLANG_ENABLE_OBJC_WEAK = YES;
				CLANG_WARN_BLOCK_CAPTURE_AUTORELEASING = YES;
				CLANG_WARN_BOOL_CONVERSION = YES;
				CLANG_WARN_COMMA = YES;
				CLANG_WARN_CONSTANT_CONVERSION = YES;
				CLANG_WARN_DEPRECATED_OBJC_IMPLEMENTATIONS = YES;
				CLANG_WARN_DIRECT_OBJC_ISA_USAGE = YES_ERROR;
				CLANG_WARN_DOCUMENTATION_COMMENTS = YES;
				CLANG_WARN_EMPTY_BODY = YES;
				CLANG_WARN_ENUM_CONVERSION = YES;
				CLANG_WARN_INFINITE_RECURSION = YES;
				CLANG_WARN_INT_CONVERSION = YES;
				CLANG_WARN_NON_LITERAL_NULL_CONVERSION = YES;
				CLANG_WARN_OBJC_IMPLICIT_RETAIN_SELF = YES;
				CLANG_WARN_OBJC_LITERAL_CONVERSION = YES;
				CLANG_WARN_OBJC_ROOT_CLASS = YES_ERROR;
				CLANG_WARN_RANGE_LOOP_ANALYSIS = YES;
				CLANG_WARN_STRICT_PROTOTYPES = YES;
				CLANG_WARN_SUSPICIOUS_MOVE = YES;
				CLANG_WARN_UNGUARDED_AVAILABILITY = YES_AGGRESSIVE;
				CLANG_WARN_UNREACHABLE_CODE = YES;
				CLANG_WARN__DUPLICATE_METHOD_MATCH = YES;
				CODE_SIGN_IDENTITY = "iPhone Developer";
				COPY_PHASE_STRIP = NO;
				DEBUG_INFORMATION_FORMAT = "dwarf-with-dsym";
				ENABLE_NS_ASSERTIONS = NO;
				ENABLE_STRICT_OBJC_MSGSEND = YES;
				GCC_C_LANGUAGE_STANDARD = gnu11;
				GCC_NO_COMMON_BLOCKS = YES;
				GCC_WARN_64_TO_32_BIT_CONVERSION = YES;
				GCC_WARN_ABOUT_RETURN_TYPE = YES_ERROR;
				GCC_WARN_UNDECLARED_SELECTOR = YES;
				GCC_WARN_UNINITIALIZED_AUTOS = YES_AGGRESSIVE;
				GCC_WARN_UNUSED_FUNCTION = YES;
				GCC_WARN_UNUSED_VARIABLE = YES;
				IPHONEOS_DEPLOYMENT_TARGET = 12.2;
				MTL_ENABLE_DEBUG_INFO = NO;
				MTL_FAST_MATH = YES;
				SDKROOT = iphoneos;
				SWIFT_COMPILATION_MODE = wholemodule;
				SWIFT_OPTIMIZATION_LEVEL = "-O";
				VALIDATE_PRODUCT = YES;
			};
			name = Release;
		};
		04229EF1225E3FF8007AFBEA /* Debug */ = {
			isa = XCBuildConfiguration;
			baseConfigurationReference = 1B6CFC0A3F63FCFAE0AB7876 /* Pods-trueoverflow.debug.xcconfig */;
			buildSettings = {
				ASSETCATALOG_COMPILER_APPICON_NAME = AppIcon;
				CODE_SIGN_STYLE = Automatic;
				DEVELOPMENT_TEAM = 3XL73YKJWJ;
				INFOPLIST_FILE = trueoverflow/Info.plist;
				LD_RUNPATH_SEARCH_PATHS = (
					"$(inherited)",
					"@executable_path/Frameworks",
				);
				PRODUCT_BUNDLE_IDENTIFIER = com.truemotion.trueoverflow;
				PRODUCT_NAME = "$(TARGET_NAME)";
				SWIFT_VERSION = 5.0;
				TARGETED_DEVICE_FAMILY = "1,2";
			};
			name = Debug;
		};
		04229EF2225E3FF8007AFBEA /* Release */ = {
			isa = XCBuildConfiguration;
			baseConfigurationReference = 719717151EBA7AFA07EFAEDD /* Pods-trueoverflow.release.xcconfig */;
			buildSettings = {
				ASSETCATALOG_COMPILER_APPICON_NAME = AppIcon;
				CODE_SIGN_STYLE = Automatic;
				DEVELOPMENT_TEAM = 3XL73YKJWJ;
				INFOPLIST_FILE = trueoverflow/Info.plist;
				LD_RUNPATH_SEARCH_PATHS = (
					"$(inherited)",
					"@executable_path/Frameworks",
				);
				PRODUCT_BUNDLE_IDENTIFIER = com.truemotion.trueoverflow;
				PRODUCT_NAME = "$(TARGET_NAME)";
				SWIFT_VERSION = 5.0;
				TARGETED_DEVICE_FAMILY = "1,2";
			};
			name = Release;
		};
/* End XCBuildConfiguration section */

/* Begin XCConfigurationList section */
		04229ED9225E3FF7007AFBEA /* Build configuration list for PBXProject "trueoverflow" */ = {
			isa = XCConfigurationList;
			buildConfigurations = (
				04229EEE225E3FF8007AFBEA /* Debug */,
				04229EEF225E3FF8007AFBEA /* Release */,
			);
			defaultConfigurationIsVisible = 0;
			defaultConfigurationName = Release;
		};
		04229EF0225E3FF8007AFBEA /* Build configuration list for PBXNativeTarget "trueoverflow" */ = {
			isa = XCConfigurationList;
			buildConfigurations = (
				04229EF1225E3FF8007AFBEA /* Debug */,
				04229EF2225E3FF8007AFBEA /* Release */,
			);
			defaultConfigurationIsVisible = 0;
			defaultConfigurationName = Release;
		};
/* End XCConfigurationList section */
	};
	rootObject = 04229ED6225E3FF7007AFBEA /* Project object */;
}
